
Microsoft Visual Studio Solution File, Format Version 12.00
# Visual Studio Version 17
VisualStudioVersion = 17.3.32825.248
MinimumVisualStudioVersion = 10.0.40219.1
Project("{FAE04EC0-301F-11D3-BF4B-00C04F79EFBC}") = "GratitudeApp", "GratitudeApp\GratitudeApp.csproj", "{4160235F-23D4-4AB8-A714-887CB61AFF24}"
EndProject
Global
	GlobalSection(SolutionConfigurationPlatforms) = preSolution
		Debug|Any CPU = Debug|Any CPU
		Release|Any CPU = Release|Any CPU
	EndGlobalSection
	GlobalSection(ProjectConfigurationPlatforms) = postSolution
		{4160235F-23D4-4AB8-A714-887CB61AFF24}.Debug|Any CPU.ActiveCfg = Debug|Any CPU
		{4160235F-23D4-4AB8-A714-887CB61AFF24}.Debug|Any CPU.Build.0 = Debug|Any CPU
		{4160235F-23D4-4AB8-A714-887CB61AFF24}.Release|Any CPU.ActiveCfg = Release|Any CPU
		{4160235F-23D4-4AB8-A714-887CB61AFF24}.Release|Any CPU.Build.0 = Release|Any CPU
	EndGlobalSection
	GlobalSection(SolutionProperties) = preSolution
		HideSolutionNode = FALSE
	EndGlobalSection
	GlobalSection(ExtensibilityGlobals) = postSolution
		SolutionGuid = {F23A4341-AADA-49B4-89D9-2B936647CD81}
	EndGlobalSection
EndGlobal
